<?xml version="1.0" encoding="utf-8"?>
<Project ToolsVersion="4.0" xmlns="http://schemas.microsoft.com/developer/msbuild/2003">
  <ItemGroup>
    <ClCompile Include="Start.cpp" />
    <ClCompile Include="Common\ErrorHandler.cpp">
      <Filter>Common</Filter>
    </ClCompile>
    <ClCompile Include="Common\VulkanObject.cpp">
      <Filter>Common</Filter>
    </ClCompile>
    <ClCompile Include="Engine\ContextManager.cpp">
      <Filter>Engine</Filter>
    </ClCompile>
    <ClCompile Include="Renderer\DrawTriangle.cpp">
      <Filter>Renderer</Filter>
    </ClCompile>
    <ClCompile Include="Common\File.cpp">
      <Filter>Common</Filter>
    </ClCompile>
    <ClCompile Include="Engine\MasterEngine.cpp">
      <Filter>Engine</Filter>
    </ClCompile>
    <ClCompile Include="Engine\Camera.cpp">
      <Filter>Engine</Filter>
    </ClCompile>
    <ClCompile Include="Engine\Abstraction\BufferManager.cpp">
      <Filter>Engine\Abstraction</Filter>
    </ClCompile>
    <ClCompile Include="Engine\Abstraction\CommandBufferManager.cpp">
      <Filter>Engine\Abstraction</Filter>
    </ClCompile>
    <ClCompile Include="Engine\Abstraction\ImageManager.cpp">
      <Filter>Engine\Abstraction</Filter>
    </ClCompile>
    <ClCompile Include="Engine\Abstraction\ShaderModuleManager.cpp">
      <Filter>Engine\Abstraction</Filter>
    </ClCompile>
    <ClCompile Include="Engine\Abstraction\FramebufferManager.cpp">
      <Filter>Engine\Abstraction</Filter>
    </ClCompile>
    <ClCompile Include="Engine\Abstraction\SemaphoreManager.cpp">
      <Filter>Engine\Abstraction</Filter>
    </ClCompile>
    <ClCompile Include="Engine\Abstraction\DescriptorBufferManager.cpp">
      <Filter>Engine\Abstraction</Filter>
    </ClCompile>
    <ClCompile Include="Renderer\SimpleTerrain.cpp">
      <Filter>Renderer</Filter>
    </ClCompile>
    <ClCompile Include="Renderer\PlaneGeometry.cpp">
      <Filter>Renderer</Filter>
    </ClCompile>
    <ClCompile Include="Renderer\GeometryData.cpp">
      <Filter>Renderer</Filter>
    </ClCompile>
    <ClCompile Include="Engine\Abstraction\AccelStructManager.cpp">
      <Filter>Engine\Abstraction</Filter>
    </ClCompile>
    <ClCompile Include="Engine\Abstraction\PipelineManager.cpp">
      <Filter>Engine\Abstraction</Filter>
    </ClCompile>
    <ClCompile Include="Renderer\SimpleWater.cpp">
      <Filter>Renderer</Filter>
    </ClCompile>
  </ItemGroup>
  <ItemGroup>
    <Filter Include="Common">
      <UniqueIdentifier>{7b83c438-20c9-4aa1-8358-32e205399b93}</UniqueIdentifier>
    </Filter>
    <Filter Include="Engine">
      <UniqueIdentifier>{507436eb-548f-4f5f-be02-2390247cc3a9}</UniqueIdentifier>
    </Filter>
    <Filter Include="Shader">
      <UniqueIdentifier>{30f5e087-a853-49f9-bfe7-276ef3f72339}</UniqueIdentifier>
    </Filter>
    <Filter Include="Renderer">
      <UniqueIdentifier>{c6fc913e-4193-4fab-8980-1e10633e2a36}</UniqueIdentifier>
    </Filter>
    <Filter Include="Engine\Abstraction">
      <UniqueIdentifier>{29f4a084-5d50-4158-9645-b5695f353d2a}</UniqueIdentifier>
    </Filter>
  </ItemGroup>
  <ItemGroup>
    <ClInclude Include="Common\VulkanObject.hpp">
      <Filter>Common</Filter>
    </ClInclude>
    <ClInclude Include="Common\ErrorHandler.hpp">
      <Filter>Common</Filter>
    </ClInclude>
    <ClInclude Include="Engine\ContextManager.hpp">
      <Filter>Engine</Filter>
    </ClInclude>
    <ClInclude Include="Renderer\DrawTriangle.hpp">
      <Filter>Renderer</Filter>
    </ClInclude>
    <ClInclude Include="Engine\RendererInterface.hpp">
      <Filter>Engine</Filter>
    </ClInclude>
    <ClInclude Include="Common\StaticArray.hpp">
      <Filter>Common</Filter>
    </ClInclude>
    <ClInclude Include="Common\File.hpp">
      <Filter>Common</Filter>
    </ClInclude>
    <ClInclude Include="Engine\MasterEngine.hpp">
      <Filter>Engine</Filter>
    </ClInclude>
    <ClInclude Include="Engine\EngineSetting.hpp">
      <Filter>Engine</Filter>
    </ClInclude>
    <ClInclude Include="Engine\Camera.hpp">
      <Filter>Engine</Filter>
    </ClInclude>
    <ClInclude Include="Engine\CameraInterface.hpp">
      <Filter>Engine</Filter>
    </ClInclude>
    <ClInclude Include="Engine\IndirectCommand.hpp">
      <Filter>Engine</Filter>
    </ClInclude>
    <ClInclude Include="Engine\Abstraction\BufferManager.hpp">
      <Filter>Engine\Abstraction</Filter>
    </ClInclude>
    <ClInclude Include="Engine\Abstraction\CommandBufferManager.hpp">
      <Filter>Engine\Abstraction</Filter>
    </ClInclude>
    <ClInclude Include="Engine\Abstraction\PipelineBarrier.hpp">
      <Filter>Engine\Abstraction</Filter>
    </ClInclude>
    <ClInclude Include="Common\FixedArray.hpp">
      <Filter>Common</Filter>
    </ClInclude>
    <ClInclude Include="Engine\Abstraction\ImageManager.hpp">
      <Filter>Engine\Abstraction</Filter>
    </ClInclude>
    <ClInclude Include="Engine\Abstraction\ShaderModuleManager.hpp">
      <Filter>Engine\Abstraction</Filter>
    </ClInclude>
    <ClInclude Include="Engine\Abstraction\FramebufferManager.hpp">
      <Filter>Engine\Abstraction</Filter>
    </ClInclude>
    <ClInclude Include="Engine\Abstraction\SemaphoreManager.hpp">
      <Filter>Engine\Abstraction</Filter>
    </ClInclude>
    <ClInclude Include="Engine\VulkanContext.hpp">
      <Filter>Engine</Filter>
    </ClInclude>
    <ClInclude Include="Engine\Abstraction\DescriptorBufferManager.hpp">
      <Filter>Engine\Abstraction</Filter>
    </ClInclude>
    <ClInclude Include="Renderer\SimpleTerrain.hpp">
      <Filter>Renderer</Filter>
    </ClInclude>
    <ClInclude Include="Renderer\PlaneGeometry.hpp">
      <Filter>Renderer</Filter>
    </ClInclude>
    <ClInclude Include="Renderer\GeometryData.hpp">
      <Filter>Renderer</Filter>
    </ClInclude>
    <ClInclude Include="Engine\Abstraction\AccelStructManager.hpp">
      <Filter>Engine\Abstraction</Filter>
    </ClInclude>
    <ClInclude Include="Engine\Abstraction\PipelineManager.hpp">
      <Filter>Engine\Abstraction</Filter>
    </ClInclude>
    <ClInclude Include="Renderer\SimpleWater.hpp">
      <Filter>Renderer</Filter>
    </ClInclude>
  </ItemGroup>
  <ItemGroup>
    <None Include="Shader\DrawTriangle.vert">
      <Filter>Shader</Filter>
    </None>
    <None Include="Shader\DrawTriangle.frag">
      <Filter>Shader</Filter>
    </None>
    <None Include="Shader\CameraData.glsl">
      <Filter>Shader</Filter>
    </None>
    <None Include="Shader\SimpleTerrain.vert">
      <Filter>Shader</Filter>
    </None>
    <None Include="Shader\SimpleTerrain.tesc">
      <Filter>Shader</Filter>
    </None>
    <None Include="Shader\SimpleTerrain.tese">
      <Filter>Shader</Filter>
    </None>
    <None Include="Shader\SimpleTerrain.frag">
      <Filter>Shader</Filter>
    </None>
    <None Include="Shader\PlaneGenerator.comp">
      <Filter>Shader</Filter>
    </None>
    <None Include="Shader\PlaneDisplacer.comp">
      <Filter>Shader</Filter>
    </None>
    <None Include="Shader\PlaneGeometry.glsl">
      <Filter>Shader</Filter>
    </None>
    <None Include="Shader\PlaneGeometryAttribute.glsl">
      <Filter>Shader</Filter>
    </None>
    <None Include="Shader\SimpleWater.vert">
      <Filter>Shader</Filter>
    </None>
    <None Include="Shader\SimpleWater.frag">
      <Filter>Shader</Filter>
    </None>
    <None Include="Shader\SimpleWater.glsl">
      <Filter>Shader</Filter>
    </None>
    <None Include="Shader\Test.comp">
      <Filter>Shader</Filter>
    </None>
  </ItemGroup>
</Project>